
Microsoft Visual Studio Solution File, Format Version 12.00
# Visual Studio Version 17
VisualStudioVersion = 17.14.36518.9 d17.14
MinimumVisualStudioVersion = 10.0.40219.1
Project("{FAE04EC0-301F-11D3-BF4B-00C04F79EFBC}") = "ConsoleBudgetTracker", "ConsoleBudgetTracker.csproj", "{97E90CE6-52E1-45FC-A371-1B7B11D9C25A}"
EndProject
Global
	GlobalSection(SolutionConfigurationPlatforms) = preSolution
		Debug|Any CPU = Debug|Any CPU
		Release|Any CPU = Release|Any CPU
	EndGlobalSection
	GlobalSection(ProjectConfigurationPlatforms) = postSolution
		{97E90CE6-52E1-45FC-A371-1B7B11D9C25A}.Debug|Any CPU.ActiveCfg = Debug|Any CPU
		{97E90CE6-52E1-45FC-A371-1B7B11D9C25A}.Debug|Any CPU.Build.0 = Debug|Any CPU
		{97E90CE6-52E1-45FC-A371-1B7B11D9C25A}.Release|Any CPU.ActiveCfg = Release|Any CPU
		{97E90CE6-52E1-45FC-A371-1B7B11D9C25A}.Release|Any CPU.Build.0 = Release|Any CPU
	EndGlobalSection
	GlobalSection(SolutionProperties) = preSolution
		HideSolutionNode = FALSE
	EndGlobalSection
	GlobalSection(ExtensibilityGlobals) = postSolution
		SolutionGuid = {B89E2F0F-2A51-4181-ACEE-7ABC8B9B7A1F}
	EndGlobalSection
EndGlobal
